
Microsoft Visual Studio Solution File, Format Version 12.00
# Visual Studio 15
VisualStudioVersion = 15.0.28010.2003
MinimumVisualStudioVersion = 10.0.40219.1
Project("{8BC9CEB8-8B4A-11D0-8D11-00A0C91BC942}") = "circarea", "circarea\circarea.vcxproj", "{2EAA4D9F-D08A-48EC-9800-71AA35583A51}"
EndProject
Project("{8BC9CEB8-8B4A-11D0-8D11-00A0C91BC942}") = "Chapter2-Task1", "Chapter2-Task1\Chapter2-Task1.vcxproj", "{B9FD7550-29BC-439A-BCB0-DBBD03C0B853}"
EndProject
Project("{8BC9CEB8-8B4A-11D0-8D11-00A0C91BC942}") = "Chapter2-Task2", "Chapter2-Task2\Chapter2-Task2.vcxproj", "{5E68B3A5-2BB2-44A3-8D9E-286B7CC84D54}"
EndProject
Project("{8BC9CEB8-8B4A-11D0-8D11-00A0C91BC942}") = "Chapter2-Task3", "Chapter2-Task3\Chapter2-Task3.vcxproj", "{210E6F9D-2E18-485D-9656-E56ACEDBFC1C}"
EndProject
Project("{8BC9CEB8-8B4A-11D0-8D11-00A0C91BC942}") = "Chapter2-Task5", "Chapter2-Task5\Chapter2-Task5.vcxproj", "{123AEBA9-BD07-4C51-82B9-FECD37A80394}"
EndProject
Project("{8BC9CEB8-8B4A-11D0-8D11-00A0C91BC942}") = "Chapter2-Task6", "Chapter2-Task6\Chapter2-Task6.vcxproj", "{0C5F08AC-F1B9-46CA-BB34-314385A44342}"
EndProject
Project("{8BC9CEB8-8B4A-11D0-8D11-00A0C91BC942}") = "Chapter2-Task8", "Chapter2-Task8\Chapter2-Task8.vcxproj", "{5538C30A-84AE-4D00-A812-1D0B630563C7}"
EndProject
Project("{8BC9CEB8-8B4A-11D0-8D11-00A0C91BC942}") = "Chapter2-Task9", "Chapter2-Task9\Chapter2-Task9.vcxproj", "{319CC577-0ED9-4791-BEC0-C255545614B5}"
EndProject
Project("{8BC9CEB8-8B4A-11D0-8D11-00A0C91BC942}") = "Chapter2-Task10", "Chapter2-Task10\Chapter2-Task10.vcxproj", "{C6556C10-03D2-4011-8D39-5E21D63604C6}"
EndProject
Project("{8BC9CEB8-8B4A-11D0-8D11-00A0C91BC942}") = "Chapter2-Task12", "Chapter2-Task12\Chapter2-Task12.vcxproj", "{AB759E63-CC64-46FB-96B0-6F05BD7D0729}"
EndProject
Project("{8BC9CEB8-8B4A-11D0-8D11-00A0C91BC942}") = "Chapter3-PrimeNumbers", "Chapter3-PrimeNumbers\Chapter3-PrimeNumbers.vcxproj", "{CF56A0C7-164E-49FF-BF79-4E67C03E0E62}"
EndProject
Project("{8BC9CEB8-8B4A-11D0-8D11-00A0C91BC942}") = "Chapter3-Task1", "Chapter3-Task1\Chapter3-Task1.vcxproj", "{574AFE2E-9E51-4314-8D43-7CD90B85DE80}"
EndProject
Project("{8BC9CEB8-8B4A-11D0-8D11-00A0C91BC942}") = "Chapter3-Task4", "Chapter3-Task4\Chapter3-Task4.vcxproj", "{6E504703-F9D1-46AE-93F2-F47FB4C03BB0}"
EndProject
Project("{8BC9CEB8-8B4A-11D0-8D11-00A0C91BC942}") = "Chapter3-Task12", "Chapter3-Task12\Chapter3-Task12.vcxproj", "{D2CE8866-53AE-413B-92BB-51C0704DB60E}"
EndProject
Project("{8BC9CEB8-8B4A-11D0-8D11-00A0C91BC942}") = "Chapter4-Task1", "Chapter4-Task1\Chapter4-Task1.vcxproj", "{A7B9AF36-F5A5-4BC4-862F-623B03931600}"
EndProject
Project("{8BC9CEB8-8B4A-11D0-8D11-00A0C91BC942}") = "Chapter4-Task2", "Chapter4-Task2\Chapter4-Task2.vcxproj", "{117577E1-0265-4F5C-875E-706781637C95}"
EndProject
Project("{8BC9CEB8-8B4A-11D0-8D11-00A0C91BC942}") = "Chapter4-Task8", "Chapter4-Task8\Chapter4-Task8.vcxproj", "{E6513294-0472-4447-946B-9BB6EA2CD809}"
EndProject
Project("{8BC9CEB8-8B4A-11D0-8D11-00A0C91BC942}") = "Chapter4-Task12", "Chapter4-Task12\Chapter4-Task12.vcxproj", "{46B00F97-6759-4229-9E1C-9D12E822A7D3}"
EndProject
Project("{8BC9CEB8-8B4A-11D0-8D11-00A0C91BC942}") = "Chapter5-Circstrc", "Chapter5-Circstrc\Chapter5-Circstrc.vcxproj", "{3BEB4AD1-5BF4-45FF-8B10-4CC92FE9691B}"
EndProject
Project("{8BC9CEB8-8B4A-11D0-8D11-00A0C91BC942}") = "Chapter5-Task2", "Chapter5-Task2\Chapter5-Task2.vcxproj", "{F3615A7C-E673-41FA-B7BE-FE1B7C72D443}"
EndProject
Project("{8BC9CEB8-8B4A-11D0-8D11-00A0C91BC942}") = "Chapter5-Task7", "Chapter5-Task7\Chapter5-Task7.vcxproj", "{B6A40A60-12EF-45AC-962F-30A2D77CECDB}"
EndProject
Project("{8BC9CEB8-8B4A-11D0-8D11-00A0C91BC942}") = "Chapter5-Task10", "Chapter5-Task10\Chapter5-Task10.vcxproj", "{6BCFD3FA-322E-43FE-83B1-7F51FA1F1377}"
EndProject
Project("{8BC9CEB8-8B4A-11D0-8D11-00A0C91BC942}") = "Chapter5-Task12", "Chapter5-Task12\Chapter5-Task12.vcxproj", "{965EE462-FB88-4D9F-8FBD-A10D580A4265}"
EndProject
Project("{8BC9CEB8-8B4A-11D0-8D11-00A0C91BC942}") = "Chapter6-Task1", "Chapter6-Task1\Chapter6-Task1.vcxproj", "{84E236CA-507F-463D-88BC-834B427BC08F}"
EndProject
Project("{8BC9CEB8-8B4A-11D0-8D11-00A0C91BC942}") = "Chapter6-Task2", "Chapter6-Task2\Chapter6-Task2.vcxproj", "{FB04BF0E-05CC-499A-92DE-7372F8B5FF3C}"
EndProject
Project("{8BC9CEB8-8B4A-11D0-8D11-00A0C91BC942}") = "Chapter6-Task3", "Chapter6-Task3\Chapter6-Task3.vcxproj", "{BEAAED28-B395-4553-B448-8ECDFB48DB46}"
EndProject
Project("{8BC9CEB8-8B4A-11D0-8D11-00A0C91BC942}") = "Chapter6-Task8", "Chapter6-Task8\Chapter6-Task8.vcxproj", "{B213BC8A-BE0F-43F0-B825-7D4F4FB622F1}"
EndProject
Project("{8BC9CEB8-8B4A-11D0-8D11-00A0C91BC942}") = "Chapter6-Task11", "Chapter6-Task11\Chapter6-Task11.vcxproj", "{79ED25B6-870B-46B6-8AA1-B88B1078FA96}"
EndProject
Project("{8BC9CEB8-8B4A-11D0-8D11-00A0C91BC942}") = "Chapter7-Task1", "Chapter7-Task1\Chapter7-Task1.vcxproj", "{6CF9171A-861C-4AA4-A346-FBDBA1B120ED}"
EndProject
Project("{8BC9CEB8-8B4A-11D0-8D11-00A0C91BC942}") = "Chapter7-Task2", "Chapter7-Task2\Chapter7-Task2.vcxproj", "{B0F0E8D2-29BC-4A6A-A815-E2E7C42BDD40}"
EndProject
Project("{8BC9CEB8-8B4A-11D0-8D11-00A0C91BC942}") = "Chapter7-Task9", "Chapter7-Task9\Chapter7-Task9.vcxproj", "{05A822C1-1E97-4040-9065-E07E2409E3CE}"
EndProject
Project("{8BC9CEB8-8B4A-11D0-8D11-00A0C91BC942}") = "Chapter8-Task1", "Chapter8-Task1\Chapter8-Task1.vcxproj", "{2A1F2557-8C78-4C6B-8A8B-3B7BC3BCBA5F}"
EndProject
Project("{2150E333-8FDC-42A3-9474-1A3956D46DE8}") = "Chapter2", "Chapter2", "{69B501EC-E499-4BC7-B120-C75E0E270D4F}"
EndProject
Project("{2150E333-8FDC-42A3-9474-1A3956D46DE8}") = "Chapter3", "Chapter3", "{42675B61-8406-4318-9125-BC14F5AE8885}"
EndProject
Project("{2150E333-8FDC-42A3-9474-1A3956D46DE8}") = "Chapter4", "Chapter4", "{B01D3D8E-73F7-4C25-9CAB-22DE53D0E934}"
EndProject
Project("{2150E333-8FDC-42A3-9474-1A3956D46DE8}") = "Chapter5", "Chapter5", "{E1D5344F-2480-44B7-8567-4E766956DE3F}"
EndProject
Project("{2150E333-8FDC-42A3-9474-1A3956D46DE8}") = "Chapter6", "Chapter6", "{53AAE60B-F7DD-444B-A4CD-2CBE5CC35CF8}"
EndProject
Project("{2150E333-8FDC-42A3-9474-1A3956D46DE8}") = "Chapter7", "Chapter7", "{A26D99E6-8316-469B-B33E-C6D1C3857FEF}"
EndProject
Project("{2150E333-8FDC-42A3-9474-1A3956D46DE8}") = "Chapter8", "Chapter8", "{2AEA8569-1B03-4BEF-BD33-C186D873F325}"
EndProject
Project("{8BC9CEB8-8B4A-11D0-8D11-00A0C91BC942}") = "Chapter8-Task2", "Chapter8-Task2\Chapter8-Task2.vcxproj", "{1A87EEB3-9D30-4FA9-8076-4050DE4BF605}"
EndProject
Project("{8BC9CEB8-8B4A-11D0-8D11-00A0C91BC942}") = "Chapter8-Task3", "Chapter8-Task3\Chapter8-Task3.vcxproj", "{B59AD4AB-9FD2-454F-9755-27521001E3A2}"
EndProject
Project("{8BC9CEB8-8B4A-11D0-8D11-00A0C91BC942}") = "Chapter8-Task4", "Chapter8-Task4\Chapter8-Task4.vcxproj", "{D406ACB8-87E0-4A2F-ADDB-9FEED12F8AAE}"
EndProject
Project("{8BC9CEB8-8B4A-11D0-8D11-00A0C91BC942}") = "Chapter8-Task5", "Chapter8-Task5\Chapter8-Task5.vcxproj", "{617A2DA6-58BD-41B2-9D02-E05FA3EA5BA5}"
EndProject
Project("{8BC9CEB8-8B4A-11D0-8D11-00A0C91BC942}") = "Chapter8-Task6", "Chapter8-Task6\Chapter8-Task6.vcxproj", "{A2F2F38B-F60E-46BF-8E84-146DC4C1D8C3}"
EndProject
Project("{8BC9CEB8-8B4A-11D0-8D11-00A0C91BC942}") = "Chapter8-Task7", "Chapter8-Task7\Chapter8-Task7.vcxproj", "{2E85D550-EB0A-404F-971B-E16B93E68FB7}"
EndProject
Project("{8BC9CEB8-8B4A-11D0-8D11-00A0C91BC942}") = "Chapter8-Task9", "Chapter8-Task9\Chapter8-Task9.vcxproj", "{96B123D3-D09E-4AD2-8997-FF5E6869B9B7}"
EndProject
Project("{8BC9CEB8-8B4A-11D0-8D11-00A0C91BC942}") = "Chapter8-Task10", "Chapter8-Task10\Chapter8-Task10.vcxproj", "{4736FDB8-8C7D-4998-A311-27B17DAC1934}"
EndProject
Global
	GlobalSection(SolutionConfigurationPlatforms) = preSolution
		Debug|x64 = Debug|x64
		Debug|x86 = Debug|x86
		Release|x64 = Release|x64
		Release|x86 = Release|x86
	EndGlobalSection
	GlobalSection(ProjectConfigurationPlatforms) = postSolution
		{2EAA4D9F-D08A-48EC-9800-71AA35583A51}.Debug|x64.ActiveCfg = Debug|x64
		{2EAA4D9F-D08A-48EC-9800-71AA35583A51}.Debug|x64.Build.0 = Debug|x64
		{2EAA4D9F-D08A-48EC-9800-71AA35583A51}.Debug|x86.ActiveCfg = Debug|Win32
		{2EAA4D9F-D08A-48EC-9800-71AA35583A51}.Debug|x86.Build.0 = Debug|Win32
		{2EAA4D9F-D08A-48EC-9800-71AA35583A51}.Release|x64.ActiveCfg = Release|x64
		{2EAA4D9F-D08A-48EC-9800-71AA35583A51}.Release|x64.Build.0 = Release|x64
		{2EAA4D9F-D08A-48EC-9800-71AA35583A51}.Release|x86.ActiveCfg = Release|Win32
		{2EAA4D9F-D08A-48EC-9800-71AA35583A51}.Release|x86.Build.0 = Release|Win32
		{B9FD7550-29BC-439A-BCB0-DBBD03C0B853}.Debug|x64.ActiveCfg = Debug|x64
		{B9FD7550-29BC-439A-BCB0-DBBD03C0B853}.Debug|x64.Build.0 = Debug|x64
		{B9FD7550-29BC-439A-BCB0-DBBD03C0B853}.Debug|x86.ActiveCfg = Debug|Win32
		{B9FD7550-29BC-439A-BCB0-DBBD03C0B853}.Debug|x86.Build.0 = Debug|Win32
		{B9FD7550-29BC-439A-BCB0-DBBD03C0B853}.Release|x64.ActiveCfg = Release|x64
		{B9FD7550-29BC-439A-BCB0-DBBD03C0B853}.Release|x64.Build.0 = Release|x64
		{B9FD7550-29BC-439A-BCB0-DBBD03C0B853}.Release|x86.ActiveCfg = Release|Win32
		{B9FD7550-29BC-439A-BCB0-DBBD03C0B853}.Release|x86.Build.0 = Release|Win32
		{5E68B3A5-2BB2-44A3-8D9E-286B7CC84D54}.Debug|x64.ActiveCfg = Debug|x64
		{5E68B3A5-2BB2-44A3-8D9E-286B7CC84D54}.Debug|x64.Build.0 = Debug|x64
		{5E68B3A5-2BB2-44A3-8D9E-286B7CC84D54}.Debug|x86.ActiveCfg = Debug|Win32
		{5E68B3A5-2BB2-44A3-8D9E-286B7CC84D54}.Debug|x86.Build.0 = Debug|Win32
		{5E68B3A5-2BB2-44A3-8D9E-286B7CC84D54}.Release|x64.ActiveCfg = Release|x64
		{5E68B3A5-2BB2-44A3-8D9E-286B7CC84D54}.Release|x64.Build.0 = Release|x64
		{5E68B3A5-2BB2-44A3-8D9E-286B7CC84D54}.Release|x86.ActiveCfg = Release|Win32
		{5E68B3A5-2BB2-44A3-8D9E-286B7CC84D54}.Release|x86.Build.0 = Release|Win32
		{210E6F9D-2E18-485D-9656-E56ACEDBFC1C}.Debug|x64.ActiveCfg = Debug|x64
		{210E6F9D-2E18-485D-9656-E56ACEDBFC1C}.Debug|x64.Build.0 = Debug|x64
		{210E6F9D-2E18-485D-9656-E56ACEDBFC1C}.Debug|x86.ActiveCfg = Debug|Win32
		{210E6F9D-2E18-485D-9656-E56ACEDBFC1C}.Debug|x86.Build.0 = Debug|Win32
		{210E6F9D-2E18-485D-9656-E56ACEDBFC1C}.Release|x64.ActiveCfg = Release|x64
		{210E6F9D-2E18-485D-9656-E56ACEDBFC1C}.Release|x64.Build.0 = Release|x64
		{210E6F9D-2E18-485D-9656-E56ACEDBFC1C}.Release|x86.ActiveCfg = Release|Win32
		{210E6F9D-2E18-485D-9656-E56ACEDBFC1C}.Release|x86.Build.0 = Release|Win32
		{123AEBA9-BD07-4C51-82B9-FECD37A80394}.Debug|x64.ActiveCfg = Debug|x64
		{123AEBA9-BD07-4C51-82B9-FECD37A80394}.Debug|x64.Build.0 = Debug|x64
		{123AEBA9-BD07-4C51-82B9-FECD37A80394}.Debug|x86.ActiveCfg = Debug|Win32
		{123AEBA9-BD07-4C51-82B9-FECD37A80394}.Debug|x86.Build.0 = Debug|Win32
		{123AEBA9-BD07-4C51-82B9-FECD37A80394}.Release|x64.ActiveCfg = Release|x64
		{123AEBA9-BD07-4C51-82B9-FECD37A80394}.Release|x64.Build.0 = Release|x64
		{123AEBA9-BD07-4C51-82B9-FECD37A80394}.Release|x86.ActiveCfg = Release|Win32
		{123AEBA9-BD07-4C51-82B9-FECD37A80394}.Release|x86.Build.0 = Release|Win32
		{0C5F08AC-F1B9-46CA-BB34-314385A44342}.Debug|x64.ActiveCfg = Debug|x64
		{0C5F08AC-F1B9-46CA-BB34-314385A44342}.Debug|x64.Build.0 = Debug|x64
		{0C5F08AC-F1B9-46CA-BB34-314385A44342}.Debug|x86.ActiveCfg = Debug|Win32
		{0C5F08AC-F1B9-46CA-BB34-314385A44342}.Debug|x86.Build.0 = Debug|Win32
		{0C5F08AC-F1B9-46CA-BB34-314385A44342}.Release|x64.ActiveCfg = Release|x64
		{0C5F08AC-F1B9-46CA-BB34-314385A44342}.Release|x64.Build.0 = Release|x64
		{0C5F08AC-F1B9-46CA-BB34-314385A44342}.Release|x86.ActiveCfg = Release|Win32
		{0C5F08AC-F1B9-46CA-BB34-314385A44342}.Release|x86.Build.0 = Release|Win32
		{5538C30A-84AE-4D00-A812-1D0B630563C7}.Debug|x64.ActiveCfg = Debug|x64
		{5538C30A-84AE-4D00-A812-1D0B630563C7}.Debug|x64.Build.0 = Debug|x64
		{5538C30A-84AE-4D00-A812-1D0B630563C7}.Debug|x86.ActiveCfg = Debug|Win32
		{5538C30A-84AE-4D00-A812-1D0B630563C7}.Debug|x86.Build.0 = Debug|Win32
		{5538C30A-84AE-4D00-A812-1D0B630563C7}.Release|x64.ActiveCfg = Release|x64
		{5538C30A-84AE-4D00-A812-1D0B630563C7}.Release|x64.Build.0 = Release|x64
		{5538C30A-84AE-4D00-A812-1D0B630563C7}.Release|x86.ActiveCfg = Release|Win32
		{5538C30A-84AE-4D00-A812-1D0B630563C7}.Release|x86.Build.0 = Release|Win32
		{319CC577-0ED9-4791-BEC0-C255545614B5}.Debug|x64.ActiveCfg = Debug|x64
		{319CC577-0ED9-4791-BEC0-C255545614B5}.Debug|x64.Build.0 = Debug|x64
		{319CC577-0ED9-4791-BEC0-C255545614B5}.Debug|x86.ActiveCfg = Debug|Win32
		{319CC577-0ED9-4791-BEC0-C255545614B5}.Debug|x86.Build.0 = Debug|Win32
		{319CC577-0ED9-4791-BEC0-C255545614B5}.Release|x64.ActiveCfg = Release|x64
		{319CC577-0ED9-4791-BEC0-C255545614B5}.Release|x64.Build.0 = Release|x64
		{319CC577-0ED9-4791-BEC0-C255545614B5}.Release|x86.ActiveCfg = Release|Win32
		{319CC577-0ED9-4791-BEC0-C255545614B5}.Release|x86.Build.0 = Release|Win32
		{C6556C10-03D2-4011-8D39-5E21D63604C6}.Debug|x64.ActiveCfg = Debug|x64
		{C6556C10-03D2-4011-8D39-5E21D63604C6}.Debug|x64.Build.0 = Debug|x64
		{C6556C10-03D2-4011-8D39-5E21D63604C6}.Debug|x86.ActiveCfg = Debug|Win32
		{C6556C10-03D2-4011-8D39-5E21D63604C6}.Debug|x86.Build.0 = Debug|Win32
		{C6556C10-03D2-4011-8D39-5E21D63604C6}.Release|x64.ActiveCfg = Release|x64
		{C6556C10-03D2-4011-8D39-5E21D63604C6}.Release|x64.Build.0 = Release|x64
		{C6556C10-03D2-4011-8D39-5E21D63604C6}.Release|x86.ActiveCfg = Release|Win32
		{C6556C10-03D2-4011-8D39-5E21D63604C6}.Release|x86.Build.0 = Release|Win32
		{AB759E63-CC64-46FB-96B0-6F05BD7D0729}.Debug|x64.ActiveCfg = Debug|x64
		{AB759E63-CC64-46FB-96B0-6F05BD7D0729}.Debug|x64.Build.0 = Debug|x64
		{AB759E63-CC64-46FB-96B0-6F05BD7D0729}.Debug|x86.ActiveCfg = Debug|Win32
		{AB759E63-CC64-46FB-96B0-6F05BD7D0729}.Debug|x86.Build.0 = Debug|Win32
		{AB759E63-CC64-46FB-96B0-6F05BD7D0729}.Release|x64.ActiveCfg = Release|x64
		{AB759E63-CC64-46FB-96B0-6F05BD7D0729}.Release|x64.Build.0 = Release|x64
		{AB759E63-CC64-46FB-96B0-6F05BD7D0729}.Release|x86.ActiveCfg = Release|Win32
		{AB759E63-CC64-46FB-96B0-6F05BD7D0729}.Release|x86.Build.0 = Release|Win32
		{CF56A0C7-164E-49FF-BF79-4E67C03E0E62}.Debug|x64.ActiveCfg = Debug|x64
		{CF56A0C7-164E-49FF-BF79-4E67C03E0E62}.Debug|x64.Build.0 = Debug|x64
		{CF56A0C7-164E-49FF-BF79-4E67C03E0E62}.Debug|x86.ActiveCfg = Debug|Win32
		{CF56A0C7-164E-49FF-BF79-4E67C03E0E62}.Debug|x86.Build.0 = Debug|Win32
		{CF56A0C7-164E-49FF-BF79-4E67C03E0E62}.Release|x64.ActiveCfg = Release|x64
		{CF56A0C7-164E-49FF-BF79-4E67C03E0E62}.Release|x64.Build.0 = Release|x64
		{CF56A0C7-164E-49FF-BF79-4E67C03E0E62}.Release|x86.ActiveCfg = Release|Win32
		{CF56A0C7-164E-49FF-BF79-4E67C03E0E62}.Release|x86.Build.0 = Release|Win32
		{574AFE2E-9E51-4314-8D43-7CD90B85DE80}.Debug|x64.ActiveCfg = Debug|x64
		{574AFE2E-9E51-4314-8D43-7CD90B85DE80}.Debug|x64.Build.0 = Debug|x64
		{574AFE2E-9E51-4314-8D43-7CD90B85DE80}.Debug|x86.ActiveCfg = Debug|Win32
		{574AFE2E-9E51-4314-8D43-7CD90B85DE80}.Debug|x86.Build.0 = Debug|Win32
		{574AFE2E-9E51-4314-8D43-7CD90B85DE80}.Release|x64.ActiveCfg = Release|x64
		{574AFE2E-9E51-4314-8D43-7CD90B85DE80}.Release|x64.Build.0 = Release|x64
		{574AFE2E-9E51-4314-8D43-7CD90B85DE80}.Release|x86.ActiveCfg = Release|Win32
		{574AFE2E-9E51-4314-8D43-7CD90B85DE80}.Release|x86.Build.0 = Release|Win32
		{6E504703-F9D1-46AE-93F2-F47FB4C03BB0}.Debug|x64.ActiveCfg = Debug|x64
		{6E504703-F9D1-46AE-93F2-F47FB4C03BB0}.Debug|x64.Build.0 = Debug|x64
		{6E504703-F9D1-46AE-93F2-F47FB4C03BB0}.Debug|x86.ActiveCfg = Debug|Win32
		{6E504703-F9D1-46AE-93F2-F47FB4C03BB0}.Debug|x86.Build.0 = Debug|Win32
		{6E504703-F9D1-46AE-93F2-F47FB4C03BB0}.Release|x64.ActiveCfg = Release|x64
		{6E504703-F9D1-46AE-93F2-F47FB4C03BB0}.Release|x64.Build.0 = Release|x64
		{6E504703-F9D1-46AE-93F2-F47FB4C03BB0}.Release|x86.ActiveCfg = Release|Win32
		{6E504703-F9D1-46AE-93F2-F47FB4C03BB0}.Release|x86.Build.0 = Release|Win32
		{D2CE8866-53AE-413B-92BB-51C0704DB60E}.Debug|x64.ActiveCfg = Debug|x64
		{D2CE8866-53AE-413B-92BB-51C0704DB60E}.Debug|x64.Build.0 = Debug|x64
		{D2CE8866-53AE-413B-92BB-51C0704DB60E}.Debug|x86.ActiveCfg = Debug|Win32
		{D2CE8866-53AE-413B-92BB-51C0704DB60E}.Debug|x86.Build.0 = Debug|Win32
		{D2CE8866-53AE-413B-92BB-51C0704DB60E}.Release|x64.ActiveCfg = Release|x64
		{D2CE8866-53AE-413B-92BB-51C0704DB60E}.Release|x64.Build.0 = Release|x64
		{D2CE8866-53AE-413B-92BB-51C0704DB60E}.Release|x86.ActiveCfg = Release|Win32
		{D2CE8866-53AE-413B-92BB-51C0704DB60E}.Release|x86.Build.0 = Release|Win32
		{A7B9AF36-F5A5-4BC4-862F-623B03931600}.Debug|x64.ActiveCfg = Debug|x64
		{A7B9AF36-F5A5-4BC4-862F-623B03931600}.Debug|x64.Build.0 = Debug|x64
		{A7B9AF36-F5A5-4BC4-862F-623B03931600}.Debug|x86.ActiveCfg = Debug|Win32
		{A7B9AF36-F5A5-4BC4-862F-623B03931600}.Debug|x86.Build.0 = Debug|Win32
		{A7B9AF36-F5A5-4BC4-862F-623B03931600}.Release|x64.ActiveCfg = Release|x64
		{A7B9AF36-F5A5-4BC4-862F-623B03931600}.Release|x64.Build.0 = Release|x64
		{A7B9AF36-F5A5-4BC4-862F-623B03931600}.Release|x86.ActiveCfg = Release|Win32
		{A7B9AF36-F5A5-4BC4-862F-623B03931600}.Release|x86.Build.0 = Release|Win32
		{117577E1-0265-4F5C-875E-706781637C95}.Debug|x64.ActiveCfg = Debug|x64
		{117577E1-0265-4F5C-875E-706781637C95}.Debug|x64.Build.0 = Debug|x64
		{117577E1-0265-4F5C-875E-706781637C95}.Debug|x86.ActiveCfg = Debug|Win32
		{117577E1-0265-4F5C-875E-706781637C95}.Debug|x86.Build.0 = Debug|Win32
		{117577E1-0265-4F5C-875E-706781637C95}.Release|x64.ActiveCfg = Release|x64
		{117577E1-0265-4F5C-875E-706781637C95}.Release|x64.Build.0 = Release|x64
		{117577E1-0265-4F5C-875E-706781637C95}.Release|x86.ActiveCfg = Release|Win32
		{117577E1-0265-4F5C-875E-706781637C95}.Release|x86.Build.0 = Release|Win32
		{E6513294-0472-4447-946B-9BB6EA2CD809}.Debug|x64.ActiveCfg = Debug|x64
		{E6513294-0472-4447-946B-9BB6EA2CD809}.Debug|x64.Build.0 = Debug|x64
		{E6513294-0472-4447-946B-9BB6EA2CD809}.Debug|x86.ActiveCfg = Debug|Win32
		{E6513294-0472-4447-946B-9BB6EA2CD809}.Debug|x86.Build.0 = Debug|Win32
		{E6513294-0472-4447-946B-9BB6EA2CD809}.Release|x64.ActiveCfg = Release|x64
		{E6513294-0472-4447-946B-9BB6EA2CD809}.Release|x64.Build.0 = Release|x64
		{E6513294-0472-4447-946B-9BB6EA2CD809}.Release|x86.ActiveCfg = Release|Win32
		{E6513294-0472-4447-946B-9BB6EA2CD809}.Release|x86.Build.0 = Release|Win32
		{46B00F97-6759-4229-9E1C-9D12E822A7D3}.Debug|x64.ActiveCfg = Debug|x64
		{46B00F97-6759-4229-9E1C-9D12E822A7D3}.Debug|x64.Build.0 = Debug|x64
		{46B00F97-6759-4229-9E1C-9D12E822A7D3}.Debug|x86.ActiveCfg = Debug|Win32
		{46B00F97-6759-4229-9E1C-9D12E822A7D3}.Debug|x86.Build.0 = Debug|Win32
		{46B00F97-6759-4229-9E1C-9D12E822A7D3}.Release|x64.ActiveCfg = Release|x64
		{46B00F97-6759-4229-9E1C-9D12E822A7D3}.Release|x64.Build.0 = Release|x64
		{46B00F97-6759-4229-9E1C-9D12E822A7D3}.Release|x86.ActiveCfg = Release|Win32
		{46B00F97-6759-4229-9E1C-9D12E822A7D3}.Release|x86.Build.0 = Release|Win32
		{3BEB4AD1-5BF4-45FF-8B10-4CC92FE9691B}.Debug|x64.ActiveCfg = Debug|x64
		{3BEB4AD1-5BF4-45FF-8B10-4CC92FE9691B}.Debug|x64.Build.0 = Debug|x64
		{3BEB4AD1-5BF4-45FF-8B10-4CC92FE9691B}.Debug|x86.ActiveCfg = Debug|Win32
		{3BEB4AD1-5BF4-45FF-8B10-4CC92FE9691B}.Debug|x86.Build.0 = Debug|Win32
		{3BEB4AD1-5BF4-45FF-8B10-4CC92FE9691B}.Release|x64.ActiveCfg = Release|x64
		{3BEB4AD1-5BF4-45FF-8B10-4CC92FE9691B}.Release|x64.Build.0 = Release|x64
		{3BEB4AD1-5BF4-45FF-8B10-4CC92FE9691B}.Release|x86.ActiveCfg = Release|Win32
		{3BEB4AD1-5BF4-45FF-8B10-4CC92FE9691B}.Release|x86.Build.0 = Release|Win32
		{F3615A7C-E673-41FA-B7BE-FE1B7C72D443}.Debug|x64.ActiveCfg = Debug|x64
		{F3615A7C-E673-41FA-B7BE-FE1B7C72D443}.Debug|x64.Build.0 = Debug|x64
		{F3615A7C-E673-41FA-B7BE-FE1B7C72D443}.Debug|x86.ActiveCfg = Debug|Win32
		{F3615A7C-E673-41FA-B7BE-FE1B7C72D443}.Debug|x86.Build.0 = Debug|Win32
		{F3615A7C-E673-41FA-B7BE-FE1B7C72D443}.Release|x64.ActiveCfg = Release|x64
		{F3615A7C-E673-41FA-B7BE-FE1B7C72D443}.Release|x64.Build.0 = Release|x64
		{F3615A7C-E673-41FA-B7BE-FE1B7C72D443}.Release|x86.ActiveCfg = Release|Win32
		{F3615A7C-E673-41FA-B7BE-FE1B7C72D443}.Release|x86.Build.0 = Release|Win32
		{B6A40A60-12EF-45AC-962F-30A2D77CECDB}.Debug|x64.ActiveCfg = Debug|x64
		{B6A40A60-12EF-45AC-962F-30A2D77CECDB}.Debug|x64.Build.0 = Debug|x64
		{B6A40A60-12EF-45AC-962F-30A2D77CECDB}.Debug|x86.ActiveCfg = Debug|Win32
		{B6A40A60-12EF-45AC-962F-30A2D77CECDB}.Debug|x86.Build.0 = Debug|Win32
		{B6A40A60-12EF-45AC-962F-30A2D77CECDB}.Release|x64.ActiveCfg = Release|x64
		{B6A40A60-12EF-45AC-962F-30A2D77CECDB}.Release|x64.Build.0 = Release|x64
		{B6A40A60-12EF-45AC-962F-30A2D77CECDB}.Release|x86.ActiveCfg = Release|Win32
		{B6A40A60-12EF-45AC-962F-30A2D77CECDB}.Release|x86.Build.0 = Release|Win32
		{6BCFD3FA-322E-43FE-83B1-7F51FA1F1377}.Debug|x64.ActiveCfg = Debug|x64
		{6BCFD3FA-322E-43FE-83B1-7F51FA1F1377}.Debug|x64.Build.0 = Debug|x64
		{6BCFD3FA-322E-43FE-83B1-7F51FA1F1377}.Debug|x86.ActiveCfg = Debug|Win32
		{6BCFD3FA-322E-43FE-83B1-7F51FA1F1377}.Debug|x86.Build.0 = Debug|Win32
		{6BCFD3FA-322E-43FE-83B1-7F51FA1F1377}.Release|x64.ActiveCfg = Release|x64
		{6BCFD3FA-322E-43FE-83B1-7F51FA1F1377}.Release|x64.Build.0 = Release|x64
		{6BCFD3FA-322E-43FE-83B1-7F51FA1F1377}.Release|x86.ActiveCfg = Release|Win32
		{6BCFD3FA-322E-43FE-83B1-7F51FA1F1377}.Release|x86.Build.0 = Release|Win32
		{965EE462-FB88-4D9F-8FBD-A10D580A4265}.Debug|x64.ActiveCfg = Debug|x64
		{965EE462-FB88-4D9F-8FBD-A10D580A4265}.Debug|x64.Build.0 = Debug|x64
		{965EE462-FB88-4D9F-8FBD-A10D580A4265}.Debug|x86.ActiveCfg = Debug|Win32
		{965EE462-FB88-4D9F-8FBD-A10D580A4265}.Debug|x86.Build.0 = Debug|Win32
		{965EE462-FB88-4D9F-8FBD-A10D580A4265}.Release|x64.ActiveCfg = Release|x64
		{965EE462-FB88-4D9F-8FBD-A10D580A4265}.Release|x64.Build.0 = Release|x64
		{965EE462-FB88-4D9F-8FBD-A10D580A4265}.Release|x86.ActiveCfg = Release|Win32
		{965EE462-FB88-4D9F-8FBD-A10D580A4265}.Release|x86.Build.0 = Release|Win32
		{84E236CA-507F-463D-88BC-834B427BC08F}.Debug|x64.ActiveCfg = Debug|x64
		{84E236CA-507F-463D-88BC-834B427BC08F}.Debug|x64.Build.0 = Debug|x64
		{84E236CA-507F-463D-88BC-834B427BC08F}.Debug|x86.ActiveCfg = Debug|Win32
		{84E236CA-507F-463D-88BC-834B427BC08F}.Debug|x86.Build.0 = Debug|Win32
		{84E236CA-507F-463D-88BC-834B427BC08F}.Release|x64.ActiveCfg = Release|x64
		{84E236CA-507F-463D-88BC-834B427BC08F}.Release|x64.Build.0 = Release|x64
		{84E236CA-507F-463D-88BC-834B427BC08F}.Release|x86.ActiveCfg = Release|Win32
		{84E236CA-507F-463D-88BC-834B427BC08F}.Release|x86.Build.0 = Release|Win32
		{FB04BF0E-05CC-499A-92DE-7372F8B5FF3C}.Debug|x64.ActiveCfg = Debug|x64
		{FB04BF0E-05CC-499A-92DE-7372F8B5FF3C}.Debug|x64.Build.0 = Debug|x64
		{FB04BF0E-05CC-499A-92DE-7372F8B5FF3C}.Debug|x86.ActiveCfg = Debug|Win32
		{FB04BF0E-05CC-499A-92DE-7372F8B5FF3C}.Debug|x86.Build.0 = Debug|Win32
		{FB04BF0E-05CC-499A-92DE-7372F8B5FF3C}.Release|x64.ActiveCfg = Release|x64
		{FB04BF0E-05CC-499A-92DE-7372F8B5FF3C}.Release|x64.Build.0 = Release|x64
		{FB04BF0E-05CC-499A-92DE-7372F8B5FF3C}.Release|x86.ActiveCfg = Release|Win32
		{FB04BF0E-05CC-499A-92DE-7372F8B5FF3C}.Release|x86.Build.0 = Release|Win32
		{BEAAED28-B395-4553-B448-8ECDFB48DB46}.Debug|x64.ActiveCfg = Debug|x64
		{BEAAED28-B395-4553-B448-8ECDFB48DB46}.Debug|x64.Build.0 = Debug|x64
		{BEAAED28-B395-4553-B448-8ECDFB48DB46}.Debug|x86.ActiveCfg = Debug|Win32
		{BEAAED28-B395-4553-B448-8ECDFB48DB46}.Debug|x86.Build.0 = Debug|Win32
		{BEAAED28-B395-4553-B448-8ECDFB48DB46}.Release|x64.ActiveCfg = Release|x64
		{BEAAED28-B395-4553-B448-8ECDFB48DB46}.Release|x64.Build.0 = Release|x64
		{BEAAED28-B395-4553-B448-8ECDFB48DB46}.Release|x86.ActiveCfg = Release|Win32
		{BEAAED28-B395-4553-B448-8ECDFB48DB46}.Release|x86.Build.0 = Release|Win32
		{B213BC8A-BE0F-43F0-B825-7D4F4FB622F1}.Debug|x64.ActiveCfg = Debug|x64
		{B213BC8A-BE0F-43F0-B825-7D4F4FB622F1}.Debug|x64.Build.0 = Debug|x64
		{B213BC8A-BE0F-43F0-B825-7D4F4FB622F1}.Debug|x86.ActiveCfg = Debug|Win32
		{B213BC8A-BE0F-43F0-B825-7D4F4FB622F1}.Debug|x86.Build.0 = Debug|Win32
		{B213BC8A-BE0F-43F0-B825-7D4F4FB622F1}.Release|x64.ActiveCfg = Release|x64
		{B213BC8A-BE0F-43F0-B825-7D4F4FB622F1}.Release|x64.Build.0 = Release|x64
		{B213BC8A-BE0F-43F0-B825-7D4F4FB622F1}.Release|x86.ActiveCfg = Release|Win32
		{B213BC8A-BE0F-43F0-B825-7D4F4FB622F1}.Release|x86.Build.0 = Release|Win32
		{79ED25B6-870B-46B6-8AA1-B88B1078FA96}.Debug|x64.ActiveCfg = Debug|x64
		{79ED25B6-870B-46B6-8AA1-B88B1078FA96}.Debug|x64.Build.0 = Debug|x64
		{79ED25B6-870B-46B6-8AA1-B88B1078FA96}.Debug|x86.ActiveCfg = Debug|Win32
		{79ED25B6-870B-46B6-8AA1-B88B1078FA96}.Debug|x86.Build.0 = Debug|Win32
		{79ED25B6-870B-46B6-8AA1-B88B1078FA96}.Release|x64.ActiveCfg = Release|x64
		{79ED25B6-870B-46B6-8AA1-B88B1078FA96}.Release|x64.Build.0 = Release|x64
		{79ED25B6-870B-46B6-8AA1-B88B1078FA96}.Release|x86.ActiveCfg = Release|Win32
		{79ED25B6-870B-46B6-8AA1-B88B1078FA96}.Release|x86.Build.0 = Release|Win32
		{6CF9171A-861C-4AA4-A346-FBDBA1B120ED}.Debug|x64.ActiveCfg = Debug|x64
		{6CF9171A-861C-4AA4-A346-FBDBA1B120ED}.Debug|x64.Build.0 = Debug|x64
		{6CF9171A-861C-4AA4-A346-FBDBA1B120ED}.Debug|x86.ActiveCfg = Debug|Win32
		{6CF9171A-861C-4AA4-A346-FBDBA1B120ED}.Debug|x86.Build.0 = Debug|Win32
		{6CF9171A-861C-4AA4-A346-FBDBA1B120ED}.Release|x64.ActiveCfg = Release|x64
		{6CF9171A-861C-4AA4-A346-FBDBA1B120ED}.Release|x64.Build.0 = Release|x64
		{6CF9171A-861C-4AA4-A346-FBDBA1B120ED}.Release|x86.ActiveCfg = Release|Win32
		{6CF9171A-861C-4AA4-A346-FBDBA1B120ED}.Release|x86.Build.0 = Release|Win32
		{B0F0E8D2-29BC-4A6A-A815-E2E7C42BDD40}.Debug|x64.ActiveCfg = Debug|x64
		{B0F0E8D2-29BC-4A6A-A815-E2E7C42BDD40}.Debug|x64.Build.0 = Debug|x64
		{B0F0E8D2-29BC-4A6A-A815-E2E7C42BDD40}.Debug|x86.ActiveCfg = Debug|Win32
		{B0F0E8D2-29BC-4A6A-A815-E2E7C42BDD40}.Debug|x86.Build.0 = Debug|Win32
		{B0F0E8D2-29BC-4A6A-A815-E2E7C42BDD40}.Release|x64.ActiveCfg = Release|x64
		{B0F0E8D2-29BC-4A6A-A815-E2E7C42BDD40}.Release|x64.Build.0 = Release|x64
		{B0F0E8D2-29BC-4A6A-A815-E2E7C42BDD40}.Release|x86.ActiveCfg = Release|Win32
		{B0F0E8D2-29BC-4A6A-A815-E2E7C42BDD40}.Release|x86.Build.0 = Release|Win32
		{05A822C1-1E97-4040-9065-E07E2409E3CE}.Debug|x64.ActiveCfg = Debug|x64
		{05A822C1-1E97-4040-9065-E07E2409E3CE}.Debug|x64.Build.0 = Debug|x64
		{05A822C1-1E97-4040-9065-E07E2409E3CE}.Debug|x86.ActiveCfg = Debug|Win32
		{05A822C1-1E97-4040-9065-E07E2409E3CE}.Debug|x86.Build.0 = Debug|Win32
		{05A822C1-1E97-4040-9065-E07E2409E3CE}.Release|x64.ActiveCfg = Release|x64
		{05A822C1-1E97-4040-9065-E07E2409E3CE}.Release|x64.Build.0 = Release|x64
		{05A822C1-1E97-4040-9065-E07E2409E3CE}.Release|x86.ActiveCfg = Release|Win32
		{05A822C1-1E97-4040-9065-E07E2409E3CE}.Release|x86.Build.0 = Release|Win32
		{2A1F2557-8C78-4C6B-8A8B-3B7BC3BCBA5F}.Debug|x64.ActiveCfg = Debug|x64
		{2A1F2557-8C78-4C6B-8A8B-3B7BC3BCBA5F}.Debug|x64.Build.0 = Debug|x64
		{2A1F2557-8C78-4C6B-8A8B-3B7BC3BCBA5F}.Debug|x86.ActiveCfg = Debug|Win32
		{2A1F2557-8C78-4C6B-8A8B-3B7BC3BCBA5F}.Debug|x86.Build.0 = Debug|Win32
		{2A1F2557-8C78-4C6B-8A8B-3B7BC3BCBA5F}.Release|x64.ActiveCfg = Release|x64
		{2A1F2557-8C78-4C6B-8A8B-3B7BC3BCBA5F}.Release|x64.Build.0 = Release|x64
		{2A1F2557-8C78-4C6B-8A8B-3B7BC3BCBA5F}.Release|x86.ActiveCfg = Release|Win32
		{2A1F2557-8C78-4C6B-8A8B-3B7BC3BCBA5F}.Release|x86.Build.0 = Release|Win32
		{1A87EEB3-9D30-4FA9-8076-4050DE4BF605}.Debug|x64.ActiveCfg = Debug|x64
		{1A87EEB3-9D30-4FA9-8076-4050DE4BF605}.Debug|x64.Build.0 = Debug|x64
		{1A87EEB3-9D30-4FA9-8076-4050DE4BF605}.Debug|x86.ActiveCfg = Debug|Win32
		{1A87EEB3-9D30-4FA9-8076-4050DE4BF605}.Debug|x86.Build.0 = Debug|Win32
		{1A87EEB3-9D30-4FA9-8076-4050DE4BF605}.Release|x64.ActiveCfg = Release|x64
		{1A87EEB3-9D30-4FA9-8076-4050DE4BF605}.Release|x64.Build.0 = Release|x64
		{1A87EEB3-9D30-4FA9-8076-4050DE4BF605}.Release|x86.ActiveCfg = Release|Win32
		{1A87EEB3-9D30-4FA9-8076-4050DE4BF605}.Release|x86.Build.0 = Release|Win32
		{B59AD4AB-9FD2-454F-9755-27521001E3A2}.Debug|x64.ActiveCfg = Debug|x64
		{B59AD4AB-9FD2-454F-9755-27521001E3A2}.Debug|x64.Build.0 = Debug|x64
		{B59AD4AB-9FD2-454F-9755-27521001E3A2}.Debug|x86.ActiveCfg = Debug|Win32
		{B59AD4AB-9FD2-454F-9755-27521001E3A2}.Debug|x86.Build.0 = Debug|Win32
		{B59AD4AB-9FD2-454F-9755-27521001E3A2}.Release|x64.ActiveCfg = Release|x64
		{B59AD4AB-9FD2-454F-9755-27521001E3A2}.Release|x64.Build.0 = Release|x64
		{B59AD4AB-9FD2-454F-9755-27521001E3A2}.Release|x86.ActiveCfg = Release|Win32
		{B59AD4AB-9FD2-454F-9755-27521001E3A2}.Release|x86.Build.0 = Release|Win32
		{D406ACB8-87E0-4A2F-ADDB-9FEED12F8AAE}.Debug|x64.ActiveCfg = Debug|x64
		{D406ACB8-87E0-4A2F-ADDB-9FEED12F8AAE}.Debug|x64.Build.0 = Debug|x64
		{D406ACB8-87E0-4A2F-ADDB-9FEED12F8AAE}.Debug|x86.ActiveCfg = Debug|Win32
		{D406ACB8-87E0-4A2F-ADDB-9FEED12F8AAE}.Debug|x86.Build.0 = Debug|Win32
		{D406ACB8-87E0-4A2F-ADDB-9FEED12F8AAE}.Release|x64.ActiveCfg = Release|x64
		{D406ACB8-87E0-4A2F-ADDB-9FEED12F8AAE}.Release|x64.Build.0 = Release|x64
		{D406ACB8-87E0-4A2F-ADDB-9FEED12F8AAE}.Release|x86.ActiveCfg = Release|Win32
		{D406ACB8-87E0-4A2F-ADDB-9FEED12F8AAE}.Release|x86.Build.0 = Release|Win32
		{617A2DA6-58BD-41B2-9D02-E05FA3EA5BA5}.Debug|x64.ActiveCfg = Debug|x64
		{617A2DA6-58BD-41B2-9D02-E05FA3EA5BA5}.Debug|x64.Build.0 = Debug|x64
		{617A2DA6-58BD-41B2-9D02-E05FA3EA5BA5}.Debug|x86.ActiveCfg = Debug|Win32
		{617A2DA6-58BD-41B2-9D02-E05FA3EA5BA5}.Debug|x86.Build.0 = Debug|Win32
		{617A2DA6-58BD-41B2-9D02-E05FA3EA5BA5}.Release|x64.ActiveCfg = Release|x64
		{617A2DA6-58BD-41B2-9D02-E05FA3EA5BA5}.Release|x64.Build.0 = Release|x64
		{617A2DA6-58BD-41B2-9D02-E05FA3EA5BA5}.Release|x86.ActiveCfg = Release|Win32
		{617A2DA6-58BD-41B2-9D02-E05FA3EA5BA5}.Release|x86.Build.0 = Release|Win32
		{A2F2F38B-F60E-46BF-8E84-146DC4C1D8C3}.Debug|x64.ActiveCfg = Debug|x64
		{A2F2F38B-F60E-46BF-8E84-146DC4C1D8C3}.Debug|x64.Build.0 = Debug|x64
		{A2F2F38B-F60E-46BF-8E84-146DC4C1D8C3}.Debug|x86.ActiveCfg = Debug|Win32
		{A2F2F38B-F60E-46BF-8E84-146DC4C1D8C3}.Debug|x86.Build.0 = Debug|Win32
		{A2F2F38B-F60E-46BF-8E84-146DC4C1D8C3}.Release|x64.ActiveCfg = Release|x64
		{A2F2F38B-F60E-46BF-8E84-146DC4C1D8C3}.Release|x64.Build.0 = Release|x64
		{A2F2F38B-F60E-46BF-8E84-146DC4C1D8C3}.Release|x86.ActiveCfg = Release|Win32
		{A2F2F38B-F60E-46BF-8E84-146DC4C1D8C3}.Release|x86.Build.0 = Release|Win32
		{2E85D550-EB0A-404F-971B-E16B93E68FB7}.Debug|x64.ActiveCfg = Debug|x64
		{2E85D550-EB0A-404F-971B-E16B93E68FB7}.Debug|x64.Build.0 = Debug|x64
		{2E85D550-EB0A-404F-971B-E16B93E68FB7}.Debug|x86.ActiveCfg = Debug|Win32
		{2E85D550-EB0A-404F-971B-E16B93E68FB7}.Debug|x86.Build.0 = Debug|Win32
		{2E85D550-EB0A-404F-971B-E16B93E68FB7}.Release|x64.ActiveCfg = Release|x64
		{2E85D550-EB0A-404F-971B-E16B93E68FB7}.Release|x64.Build.0 = Release|x64
		{2E85D550-EB0A-404F-971B-E16B93E68FB7}.Release|x86.ActiveCfg = Release|Win32
		{2E85D550-EB0A-404F-971B-E16B93E68FB7}.Release|x86.Build.0 = Release|Win32
		{96B123D3-D09E-4AD2-8997-FF5E6869B9B7}.Debug|x64.ActiveCfg = Debug|x64
		{96B123D3-D09E-4AD2-8997-FF5E6869B9B7}.Debug|x64.Build.0 = Debug|x64
		{96B123D3-D09E-4AD2-8997-FF5E6869B9B7}.Debug|x86.ActiveCfg = Debug|Win32
		{96B123D3-D09E-4AD2-8997-FF5E6869B9B7}.Debug|x86.Build.0 = Debug|Win32
		{96B123D3-D09E-4AD2-8997-FF5E6869B9B7}.Release|x64.ActiveCfg = Release|x64
		{96B123D3-D09E-4AD2-8997-FF5E6869B9B7}.Release|x64.Build.0 = Release|x64
		{96B123D3-D09E-4AD2-8997-FF5E6869B9B7}.Release|x86.ActiveCfg = Release|Win32
		{96B123D3-D09E-4AD2-8997-FF5E6869B9B7}.Release|x86.Build.0 = Release|Win32
		{4736FDB8-8C7D-4998-A311-27B17DAC1934}.Debug|x64.ActiveCfg = Debug|x64
		{4736FDB8-8C7D-4998-A311-27B17DAC1934}.Debug|x64.Build.0 = Debug|x64
		{4736FDB8-8C7D-4998-A311-27B17DAC1934}.Debug|x86.ActiveCfg = Debug|Win32
		{4736FDB8-8C7D-4998-A311-27B17DAC1934}.Debug|x86.Build.0 = Debug|Win32
		{4736FDB8-8C7D-4998-A311-27B17DAC1934}.Release|x64.ActiveCfg = Release|x64
		{4736FDB8-8C7D-4998-A311-27B17DAC1934}.Release|x64.Build.0 = Release|x64
		{4736FDB8-8C7D-4998-A311-27B17DAC1934}.Release|x86.ActiveCfg = Release|Win32
		{4736FDB8-8C7D-4998-A311-27B17DAC1934}.Release|x86.Build.0 = Release|Win32
	EndGlobalSection
	GlobalSection(SolutionProperties) = preSolution
		HideSolutionNode = FALSE
	EndGlobalSection
	GlobalSection(NestedProjects) = preSolution
		{B9FD7550-29BC-439A-BCB0-DBBD03C0B853} = {69B501EC-E499-4BC7-B120-C75E0E270D4F}
		{5E68B3A5-2BB2-44A3-8D9E-286B7CC84D54} = {69B501EC-E499-4BC7-B120-C75E0E270D4F}
		{210E6F9D-2E18-485D-9656-E56ACEDBFC1C} = {69B501EC-E499-4BC7-B120-C75E0E270D4F}
		{123AEBA9-BD07-4C51-82B9-FECD37A80394} = {69B501EC-E499-4BC7-B120-C75E0E270D4F}
		{0C5F08AC-F1B9-46CA-BB34-314385A44342} = {69B501EC-E499-4BC7-B120-C75E0E270D4F}
		{5538C30A-84AE-4D00-A812-1D0B630563C7} = {69B501EC-E499-4BC7-B120-C75E0E270D4F}
		{319CC577-0ED9-4791-BEC0-C255545614B5} = {69B501EC-E499-4BC7-B120-C75E0E270D4F}
		{C6556C10-03D2-4011-8D39-5E21D63604C6} = {69B501EC-E499-4BC7-B120-C75E0E270D4F}
		{AB759E63-CC64-46FB-96B0-6F05BD7D0729} = {69B501EC-E499-4BC7-B120-C75E0E270D4F}
		{CF56A0C7-164E-49FF-BF79-4E67C03E0E62} = {42675B61-8406-4318-9125-BC14F5AE8885}
		{574AFE2E-9E51-4314-8D43-7CD90B85DE80} = {42675B61-8406-4318-9125-BC14F5AE8885}
		{6E504703-F9D1-46AE-93F2-F47FB4C03BB0} = {42675B61-8406-4318-9125-BC14F5AE8885}
		{D2CE8866-53AE-413B-92BB-51C0704DB60E} = {42675B61-8406-4318-9125-BC14F5AE8885}
		{A7B9AF36-F5A5-4BC4-862F-623B03931600} = {B01D3D8E-73F7-4C25-9CAB-22DE53D0E934}
		{117577E1-0265-4F5C-875E-706781637C95} = {B01D3D8E-73F7-4C25-9CAB-22DE53D0E934}
		{E6513294-0472-4447-946B-9BB6EA2CD809} = {B01D3D8E-73F7-4C25-9CAB-22DE53D0E934}
		{46B00F97-6759-4229-9E1C-9D12E822A7D3} = {B01D3D8E-73F7-4C25-9CAB-22DE53D0E934}
		{3BEB4AD1-5BF4-45FF-8B10-4CC92FE9691B} = {E1D5344F-2480-44B7-8567-4E766956DE3F}
		{F3615A7C-E673-41FA-B7BE-FE1B7C72D443} = {E1D5344F-2480-44B7-8567-4E766956DE3F}
		{B6A40A60-12EF-45AC-962F-30A2D77CECDB} = {E1D5344F-2480-44B7-8567-4E766956DE3F}
		{6BCFD3FA-322E-43FE-83B1-7F51FA1F1377} = {E1D5344F-2480-44B7-8567-4E766956DE3F}
		{965EE462-FB88-4D9F-8FBD-A10D580A4265} = {E1D5344F-2480-44B7-8567-4E766956DE3F}
		{84E236CA-507F-463D-88BC-834B427BC08F} = {53AAE60B-F7DD-444B-A4CD-2CBE5CC35CF8}
		{FB04BF0E-05CC-499A-92DE-7372F8B5FF3C} = {53AAE60B-F7DD-444B-A4CD-2CBE5CC35CF8}
		{BEAAED28-B395-4553-B448-8ECDFB48DB46} = {53AAE60B-F7DD-444B-A4CD-2CBE5CC35CF8}
		{B213BC8A-BE0F-43F0-B825-7D4F4FB622F1} = {53AAE60B-F7DD-444B-A4CD-2CBE5CC35CF8}
		{79ED25B6-870B-46B6-8AA1-B88B1078FA96} = {53AAE60B-F7DD-444B-A4CD-2CBE5CC35CF8}
		{6CF9171A-861C-4AA4-A346-FBDBA1B120ED} = {A26D99E6-8316-469B-B33E-C6D1C3857FEF}
		{B0F0E8D2-29BC-4A6A-A815-E2E7C42BDD40} = {A26D99E6-8316-469B-B33E-C6D1C3857FEF}
		{05A822C1-1E97-4040-9065-E07E2409E3CE} = {A26D99E6-8316-469B-B33E-C6D1C3857FEF}
		{2A1F2557-8C78-4C6B-8A8B-3B7BC3BCBA5F} = {2AEA8569-1B03-4BEF-BD33-C186D873F325}
		{1A87EEB3-9D30-4FA9-8076-4050DE4BF605} = {2AEA8569-1B03-4BEF-BD33-C186D873F325}
		{B59AD4AB-9FD2-454F-9755-27521001E3A2} = {2AEA8569-1B03-4BEF-BD33-C186D873F325}
		{D406ACB8-87E0-4A2F-ADDB-9FEED12F8AAE} = {2AEA8569-1B03-4BEF-BD33-C186D873F325}
		{617A2DA6-58BD-41B2-9D02-E05FA3EA5BA5} = {2AEA8569-1B03-4BEF-BD33-C186D873F325}
		{A2F2F38B-F60E-46BF-8E84-146DC4C1D8C3} = {2AEA8569-1B03-4BEF-BD33-C186D873F325}
		{2E85D550-EB0A-404F-971B-E16B93E68FB7} = {2AEA8569-1B03-4BEF-BD33-C186D873F325}
		{96B123D3-D09E-4AD2-8997-FF5E6869B9B7} = {2AEA8569-1B03-4BEF-BD33-C186D873F325}
		{4736FDB8-8C7D-4998-A311-27B17DAC1934} = {2AEA8569-1B03-4BEF-BD33-C186D873F325}
	EndGlobalSection
	GlobalSection(ExtensibilityGlobals) = postSolution
		SolutionGuid = {6E5A0625-7A04-4644-BA27-CB742382C620}
	EndGlobalSection
EndGlobal
